// !$*UTF8*$!
{
	archiveVersion = 1;
	classes = {
	};
	objectVersion = 46;
	objects = {

/* Begin PBXBuildFile section */
		ED0A4F881CEAEC0400C466B3 /* Cities.m in Sources */ = {isa = PBXBuildFile; fileRef = ED0A4F871CEAEC0400C466B3 /* Cities.m */; };
		ED628AD41D211973001B404D /* MainCollectionViewCell.m in Sources */ = {isa = PBXBuildFile; fileRef = ED628AD21D211973001B404D /* MainCollectionViewCell.m */; };
		ED628AD51D211973001B404D /* MainCollectionViewCell.xib in Resources */ = {isa = PBXBuildFile; fileRef = ED628AD31D211973001B404D /* MainCollectionViewCell.xib */; };
		ED635FB21CEC52360037755E /* DPAPI.m in Sources */ = {isa = PBXBuildFile; fileRef = ED635FAE1CEC52360037755E /* DPAPI.m */; };
		ED635FB31CEC52360037755E /* DPRequest.m in Sources */ = {isa = PBXBuildFile; fileRef = ED635FB11CEC52360037755E /* DPRequest.m */; };
		ED8C923E1D1BB4E60072A1A8 /* dealModel.m in Sources */ = {isa = PBXBuildFile; fileRef = ED8C923D1D1BB4E60072A1A8 /* dealModel.m */; };
		EDE83F0F1CDB585500639B4C /* AppDelegate.m in Sources */ = {isa = PBXBuildFile; fileRef = EDE83EE41CDB585400639B4C /* AppDelegate.m */; };
		EDE83F101CDB585500639B4C /* Assets.xcassets in Resources */ = {isa = PBXBuildFile; fileRef = EDE83EE51CDB585400639B4C /* Assets.xcassets */; };
		EDE83F111CDB585500639B4C /* LaunchScreen.storyboard in Resources */ = {isa = PBXBuildFile; fileRef = EDE83EE61CDB585400639B4C /* LaunchScreen.storyboard */; };
		EDE83F121CDB585500639B4C /* Main.storyboard in Resources */ = {isa = PBXBuildFile; fileRef = EDE83EE81CDB585500639B4C /* Main.storyboard */; };
		EDE83F131CDB585500639B4C /* ChangeCityViewController.m in Sources */ = {isa = PBXBuildFile; fileRef = EDE83EEC1CDB585500639B4C /* ChangeCityViewController.m */; };
		EDE83F141CDB585500639B4C /* ChangeCityViewController.xib in Resources */ = {isa = PBXBuildFile; fileRef = EDE83EED1CDB585500639B4C /* ChangeCityViewController.xib */; };
		EDE83F151CDB585500639B4C /* FirstCollectionViewController.m in Sources */ = {isa = PBXBuildFile; fileRef = EDE83EEF1CDB585500639B4C /* FirstCollectionViewController.m */; };
		EDE83F161CDB585500639B4C /* MyNavController.m in Sources */ = {isa = PBXBuildFile; fileRef = EDE83EF11CDB585500639B4C /* MyNavController.m */; };
		EDE83F171CDB585500639B4C /* PopViewController.m in Sources */ = {isa = PBXBuildFile; fileRef = EDE83EF31CDB585500639B4C /* PopViewController.m */; };
		EDE83F181CDB585500639B4C /* SearchCityResultViewController.m in Sources */ = {isa = PBXBuildFile; fileRef = EDE83EF51CDB585500639B4C /* SearchCityResultViewController.m */; };
		EDE83F191CDB585500639B4C /* SecondPopViewController.m in Sources */ = {isa = PBXBuildFile; fileRef = EDE83EF71CDB585500639B4C /* SecondPopViewController.m */; };
		EDE83F1A1CDB585500639B4C /* SecondPopViewController.xib in Resources */ = {isa = PBXBuildFile; fileRef = EDE83EF81CDB585500639B4C /* SecondPopViewController.xib */; };
		EDE83F1B1CDB585500639B4C /* UIView+AutoLayout.m in Sources */ = {isa = PBXBuildFile; fileRef = EDE83EFB1CDB585500639B4C /* UIView+AutoLayout.m */; };
		EDE83F1C1CDB585500639B4C /* Info.plist in Resources */ = {isa = PBXBuildFile; fileRef = EDE83EFC1CDB585500639B4C /* Info.plist */; };
		EDE83F1D1CDB585500639B4C /* main.m in Sources */ = {isa = PBXBuildFile; fileRef = EDE83EFD1CDB585500639B4C /* main.m */; };
		EDE83F1E1CDB585500639B4C /* CatogriyModel.m in Sources */ = {isa = PBXBuildFile; fileRef = EDE83F001CDB585500639B4C /* CatogriyModel.m */; };
		EDE83F1F1CDB585500639B4C /* cityGourpsModel.m in Sources */ = {isa = PBXBuildFile; fileRef = EDE83F021CDB585500639B4C /* cityGourpsModel.m */; };
		EDE83F201CDB585500639B4C /* categories.plist in Resources */ = {isa = PBXBuildFile; fileRef = EDE83F041CDB585500639B4C /* categories.plist */; };
		EDE83F211CDB585500639B4C /* cities.plist in Resources */ = {isa = PBXBuildFile; fileRef = EDE83F051CDB585500639B4C /* cities.plist */; };
		EDE83F221CDB585500639B4C /* cityGroups.plist in Resources */ = {isa = PBXBuildFile; fileRef = EDE83F061CDB585500639B4C /* cityGroups.plist */; };
		EDE83F231CDB585500639B4C /* sorts.plist in Resources */ = {isa = PBXBuildFile; fileRef = EDE83F071CDB585500639B4C /* sorts.plist */; };
		EDE83F241CDB585500639B4C /* NavBarItem.m in Sources */ = {isa = PBXBuildFile; fileRef = EDE83F0A1CDB585500639B4C /* NavBarItem.m */; };
		EDE83F251CDB585500639B4C /* NavBarItem.xib in Resources */ = {isa = PBXBuildFile; fileRef = EDE83F0B1CDB585500639B4C /* NavBarItem.xib */; };
		EDE83F261CDB585500639B4C /* popView.m in Sources */ = {isa = PBXBuildFile; fileRef = EDE83F0D1CDB585500639B4C /* popView.m */; };
		EDE83F271CDB585500639B4C /* popView.xib in Resources */ = {isa = PBXBuildFile; fileRef = EDE83F0E1CDB585500639B4C /* popView.xib */; };
/* End PBXBuildFile section */

/* Begin PBXFileReference section */
		101614401CD08BD900BB47C6 /* 团购项目.app */ = {isa = PBXFileReference; explicitFileType = wrapper.application; includeInIndex = 0; path = "团购项目.app"; sourceTree = BUILT_PRODUCTS_DIR; };
		ED0A4F861CEAEC0400C466B3 /* Cities.h */ = {isa = PBXFileReference; fileEncoding = 4; lastKnownFileType = sourcecode.c.h; path = Cities.h; sourceTree = "<group>"; };
		ED0A4F871CEAEC0400C466B3 /* Cities.m */ = {isa = PBXFileReference; fileEncoding = 4; lastKnownFileType = sourcecode.c.objc; path = Cities.m; sourceTree = "<group>"; };
		ED628AD11D211973001B404D /* MainCollectionViewCell.h */ = {isa = PBXFileReference; fileEncoding = 4; lastKnownFileType = sourcecode.c.h; path = MainCollectionViewCell.h; sourceTree = "<group>"; };
		ED628AD21D211973001B404D /* MainCollectionViewCell.m */ = {isa = PBXFileReference; fileEncoding = 4; lastKnownFileType = sourcecode.c.objc; path = MainCollectionViewCell.m; sourceTree = "<group>"; };
		ED628AD31D211973001B404D /* MainCollectionViewCell.xib */ = {isa = PBXFileReference; fileEncoding = 4; lastKnownFileType = file.xib; path = MainCollectionViewCell.xib; sourceTree = "<group>"; };
		ED635FAD1CEC52360037755E /* DPAPI.h */ = {isa = PBXFileReference; fileEncoding = 4; lastKnownFileType = sourcecode.c.h; path = DPAPI.h; sourceTree = "<group>"; };
		ED635FAE1CEC52360037755E /* DPAPI.m */ = {isa = PBXFileReference; fileEncoding = 4; lastKnownFileType = sourcecode.c.objc; path = DPAPI.m; sourceTree = "<group>"; };
		ED635FAF1CEC52360037755E /* DPConstants.h */ = {isa = PBXFileReference; fileEncoding = 4; lastKnownFileType = sourcecode.c.h; path = DPConstants.h; sourceTree = "<group>"; };
		ED635FB01CEC52360037755E /* DPRequest.h */ = {isa = PBXFileReference; fileEncoding = 4; lastKnownFileType = sourcecode.c.h; path = DPRequest.h; sourceTree = "<group>"; };
		ED635FB11CEC52360037755E /* DPRequest.m */ = {isa = PBXFileReference; fileEncoding = 4; lastKnownFileType = sourcecode.c.objc; path = DPRequest.m; sourceTree = "<group>"; };
		ED8C923C1D1BB4E60072A1A8 /* dealModel.h */ = {isa = PBXFileReference; fileEncoding = 4; lastKnownFileType = sourcecode.c.h; path = dealModel.h; sourceTree = "<group>"; };
		ED8C923D1D1BB4E60072A1A8 /* dealModel.m */ = {isa = PBXFileReference; fileEncoding = 4; lastKnownFileType = sourcecode.c.objc; path = dealModel.m; sourceTree = "<group>"; };
		EDE83EE31CDB585400639B4C /* AppDelegate.h */ = {isa = PBXFileReference; fileEncoding = 4; lastKnownFileType = sourcecode.c.h; path = AppDelegate.h; sourceTree = "<group>"; };
		EDE83EE41CDB585400639B4C /* AppDelegate.m */ = {isa = PBXFileReference; fileEncoding = 4; lastKnownFileType = sourcecode.c.objc; path = AppDelegate.m; sourceTree = "<group>"; };
		EDE83EE51CDB585400639B4C /* Assets.xcassets */ = {isa = PBXFileReference; lastKnownFileType = folder.assetcatalog; path = Assets.xcassets; sourceTree = "<group>"; };
		EDE83EE71CDB585400639B4C /* Base */ = {isa = PBXFileReference; lastKnownFileType = file.storyboard; name = Base; path = Base.lproj/LaunchScreen.storyboard; sourceTree = "<group>"; };
		EDE83EE91CDB585500639B4C /* Base */ = {isa = PBXFileReference; lastKnownFileType = file.storyboard; name = Base; path = Base.lproj/Main.storyboard; sourceTree = "<group>"; };
		EDE83EEB1CDB585500639B4C /* ChangeCityViewController.h */ = {isa = PBXFileReference; fileEncoding = 4; lastKnownFileType = sourcecode.c.h; path = ChangeCityViewController.h; sourceTree = "<group>"; };
		EDE83EEC1CDB585500639B4C /* ChangeCityViewController.m */ = {isa = PBXFileReference; fileEncoding = 4; lastKnownFileType = sourcecode.c.objc; path = ChangeCityViewController.m; sourceTree = "<group>"; };
		EDE83EED1CDB585500639B4C /* ChangeCityViewController.xib */ = {isa = PBXFileReference; fileEncoding = 4; lastKnownFileType = file.xib; path = ChangeCityViewController.xib; sourceTree = "<group>"; };
		EDE83EEE1CDB585500639B4C /* FirstCollectionViewController.h */ = {isa = PBXFileReference; fileEncoding = 4; lastKnownFileType = sourcecode.c.h; path = FirstCollectionViewController.h; sourceTree = "<group>"; };
		EDE83EEF1CDB585500639B4C /* FirstCollectionViewController.m */ = {isa = PBXFileReference; fileEncoding = 4; lastKnownFileType = sourcecode.c.objc; path = FirstCollectionViewController.m; sourceTree = "<group>"; };
		EDE83EF01CDB585500639B4C /* MyNavController.h */ = {isa = PBXFileReference; fileEncoding = 4; lastKnownFileType = sourcecode.c.h; path = MyNavController.h; sourceTree = "<group>"; };
		EDE83EF11CDB585500639B4C /* MyNavController.m */ = {isa = PBXFileReference; fileEncoding = 4; lastKnownFileType = sourcecode.c.objc; path = MyNavController.m; sourceTree = "<group>"; };
		EDE83EF21CDB585500639B4C /* PopViewController.h */ = {isa = PBXFileReference; fileEncoding = 4; lastKnownFileType = sourcecode.c.h; path = PopViewController.h; sourceTree = "<group>"; };
		EDE83EF31CDB585500639B4C /* PopViewController.m */ = {isa = PBXFileReference; fileEncoding = 4; lastKnownFileType = sourcecode.c.objc; path = PopViewController.m; sourceTree = "<group>"; };
		EDE83EF41CDB585500639B4C /* SearchCityResultViewController.h */ = {isa = PBXFileReference; fileEncoding = 4; lastKnownFileType = sourcecode.c.h; path = SearchCityResultViewController.h; sourceTree = "<group>"; };
		EDE83EF51CDB585500639B4C /* SearchCityResultViewController.m */ = {isa = PBXFileReference; fileEncoding = 4; lastKnownFileType = sourcecode.c.objc; path = SearchCityResultViewController.m; sourceTree = "<group>"; };
		EDE83EF61CDB585500639B4C /* SecondPopViewController.h */ = {isa = PBXFileReference; fileEncoding = 4; lastKnownFileType = sourcecode.c.h; path = SecondPopViewController.h; sourceTree = "<group>"; };
		EDE83EF71CDB585500639B4C /* SecondPopViewController.m */ = {isa = PBXFileReference; fileEncoding = 4; lastKnownFileType = sourcecode.c.objc; path = SecondPopViewController.m; sourceTree = "<group>"; };
		EDE83EF81CDB585500639B4C /* SecondPopViewController.xib */ = {isa = PBXFileReference; fileEncoding = 4; lastKnownFileType = file.xib; path = SecondPopViewController.xib; sourceTree = "<group>"; };
		EDE83EFA1CDB585500639B4C /* UIView+AutoLayout.h */ = {isa = PBXFileReference; fileEncoding = 4; lastKnownFileType = sourcecode.c.h; path = "UIView+AutoLayout.h"; sourceTree = "<group>"; };
		EDE83EFB1CDB585500639B4C /* UIView+AutoLayout.m */ = {isa = PBXFileReference; fileEncoding = 4; lastKnownFileType = sourcecode.c.objc; path = "UIView+AutoLayout.m"; sourceTree = "<group>"; };
		EDE83EFC1CDB585500639B4C /* Info.plist */ = {isa = PBXFileReference; fileEncoding = 4; lastKnownFileType = text.plist.xml; path = Info.plist; sourceTree = "<group>"; };
		EDE83EFD1CDB585500639B4C /* main.m */ = {isa = PBXFileReference; fileEncoding = 4; lastKnownFileType = sourcecode.c.objc; path = main.m; sourceTree = "<group>"; };
		EDE83EFF1CDB585500639B4C /* CatogriyModel.h */ = {isa = PBXFileReference; fileEncoding = 4; lastKnownFileType = sourcecode.c.h; path = CatogriyModel.h; sourceTree = "<group>"; };
		EDE83F001CDB585500639B4C /* CatogriyModel.m */ = {isa = PBXFileReference; fileEncoding = 4; lastKnownFileType = sourcecode.c.objc; path = CatogriyModel.m; sourceTree = "<group>"; };
		EDE83F011CDB585500639B4C /* cityGourpsModel.h */ = {isa = PBXFileReference; fileEncoding = 4; lastKnownFileType = sourcecode.c.h; path = cityGourpsModel.h; sourceTree = "<group>"; };
		EDE83F021CDB585500639B4C /* cityGourpsModel.m */ = {isa = PBXFileReference; fileEncoding = 4; lastKnownFileType = sourcecode.c.objc; path = cityGourpsModel.m; sourceTree = "<group>"; };
		EDE83F041CDB585500639B4C /* categories.plist */ = {isa = PBXFileReference; fileEncoding = 4; lastKnownFileType = text.plist.xml; path = categories.plist; sourceTree = "<group>"; };
		EDE83F051CDB585500639B4C /* cities.plist */ = {isa = PBXFileReference; fileEncoding = 4; lastKnownFileType = text.plist.xml; path = cities.plist; sourceTree = "<group>"; };
		EDE83F061CDB585500639B4C /* cityGroups.plist */ = {isa = PBXFileReference; fileEncoding = 4; lastKnownFileType = text.plist.xml; path = cityGroups.plist; sourceTree = "<group>"; };
		EDE83F071CDB585500639B4C /* sorts.plist */ = {isa = PBXFileReference; fileEncoding = 4; lastKnownFileType = text.plist.xml; path = sorts.plist; sourceTree = "<group>"; };
		EDE83F091CDB585500639B4C /* NavBarItem.h */ = {isa = PBXFileReference; fileEncoding = 4; lastKnownFileType = sourcecode.c.h; path = NavBarItem.h; sourceTree = "<group>"; };
		EDE83F0A1CDB585500639B4C /* NavBarItem.m */ = {isa = PBXFileReference; fileEncoding = 4; lastKnownFileType = sourcecode.c.objc; path = NavBarItem.m; sourceTree = "<group>"; };
		EDE83F0B1CDB585500639B4C /* NavBarItem.xib */ = {isa = PBXFileReference; fileEncoding = 4; lastKnownFileType = file.xib; path = NavBarItem.xib; sourceTree = "<group>"; };
		EDE83F0C1CDB585500639B4C /* popView.h */ = {isa = PBXFileReference; fileEncoding = 4; lastKnownFileType = sourcecode.c.h; path = popView.h; sourceTree = "<group>"; };
		EDE83F0D1CDB585500639B4C /* popView.m */ = {isa = PBXFileReference; fileEncoding = 4; lastKnownFileType = sourcecode.c.objc; path = popView.m; sourceTree = "<group>"; };
		EDE83F0E1CDB585500639B4C /* popView.xib */ = {isa = PBXFileReference; fileEncoding = 4; lastKnownFileType = file.xib; path = popView.xib; sourceTree = "<group>"; };
/* End PBXFileReference section */

/* Begin PBXFrameworksBuildPhase section */
		1016143D1CD08BD900BB47C6 /* Frameworks */ = {
			isa = PBXFrameworksBuildPhase;
			buildActionMask = 2147483647;
			files = (
			);
			runOnlyForDeploymentPostprocessing = 0;
		};
/* End PBXFrameworksBuildPhase section */

/* Begin PBXGroup section */
		101614371CD08BD900BB47C6 = {
			isa = PBXGroup;
			children = (
				EDE83EE21CDB585400639B4C /* 团购项目 */,
				101614411CD08BD900BB47C6 /* Products */,
			);
			sourceTree = "<group>";
		};
		101614411CD08BD900BB47C6 /* Products */ = {
			isa = PBXGroup;
			children = (
				101614401CD08BD900BB47C6 /* 团购项目.app */,
			);
			name = Products;
			sourceTree = "<group>";
		};
		ED635FAC1CEC52360037755E /* dianpingapi */ = {
			isa = PBXGroup;
			children = (
				ED635FAD1CEC52360037755E /* DPAPI.h */,
				ED635FAE1CEC52360037755E /* DPAPI.m */,
				ED635FAF1CEC52360037755E /* DPConstants.h */,
				ED635FB01CEC52360037755E /* DPRequest.h */,
				ED635FB11CEC52360037755E /* DPRequest.m */,
			);
			path = dianpingapi;
			sourceTree = "<group>";
		};
		EDE83EE21CDB585400639B4C /* 团购项目 */ = {
			isa = PBXGroup;
			children = (
				ED635FAC1CEC52360037755E /* dianpingapi */,
				EDE83EE31CDB585400639B4C /* AppDelegate.h */,
				EDE83EE41CDB585400639B4C /* AppDelegate.m */,
				EDE83EE51CDB585400639B4C /* Assets.xcassets */,
				EDE83EE61CDB585400639B4C /* LaunchScreen.storyboard */,
				EDE83EE81CDB585500639B4C /* Main.storyboard */,
				EDE83EEA1CDB585500639B4C /* Controller */,
				EDE83EF91CDB585500639B4C /* extension */,
				EDE83EFC1CDB585500639B4C /* Info.plist */,
				EDE83EFD1CDB585500639B4C /* main.m */,
				EDE83EFE1CDB585500639B4C /* Model */,
				EDE83F031CDB585500639B4C /* PlistData */,
				EDE83F081CDB585500639B4C /* View */,
			);
			path = "团购项目";
			sourceTree = "<group>";
		};
		EDE83EEA1CDB585500639B4C /* Controller */ = {
			isa = PBXGroup;
			children = (
				EDE83EEE1CDB585500639B4C /* FirstCollectionViewController.h */,
				EDE83EEF1CDB585500639B4C /* FirstCollectionViewController.m */,
				EDE83EF01CDB585500639B4C /* MyNavController.h */,
				EDE83EF11CDB585500639B4C /* MyNavController.m */,
				EDE83EF21CDB585500639B4C /* PopViewController.h */,
				EDE83EF31CDB585500639B4C /* PopViewController.m */,
				EDE83EF61CDB585500639B4C /* SecondPopViewController.h */,
				EDE83EF71CDB585500639B4C /* SecondPopViewController.m */,
				EDE83EF81CDB585500639B4C /* SecondPopViewController.xib */,
				EDE83EEB1CDB585500639B4C /* ChangeCityViewController.h */,
				EDE83EEC1CDB585500639B4C /* ChangeCityViewController.m */,
				EDE83EED1CDB585500639B4C /* ChangeCityViewController.xib */,
				EDE83EF41CDB585500639B4C /* SearchCityResultViewController.h */,
				EDE83EF51CDB585500639B4C /* SearchCityResultViewController.m */,
			);
			path = Controller;
			sourceTree = "<group>";
		};
		EDE83EF91CDB585500639B4C /* extension */ = {
			isa = PBXGroup;
			children = (
				EDE83EFA1CDB585500639B4C /* UIView+AutoLayout.h */,
				EDE83EFB1CDB585500639B4C /* UIView+AutoLayout.m */,
			);
			path = extension;
			sourceTree = "<group>";
		};
		EDE83EFE1CDB585500639B4C /* Model */ = {
			isa = PBXGroup;
			children = (
				EDE83EFF1CDB585500639B4C /* CatogriyModel.h */,
				EDE83F001CDB585500639B4C /* CatogriyModel.m */,
				EDE83F011CDB585500639B4C /* cityGourpsModel.h */,
				EDE83F021CDB585500639B4C /* cityGourpsModel.m */,
				ED0A4F861CEAEC0400C466B3 /* Cities.h */,
				ED0A4F871CEAEC0400C466B3 /* Cities.m */,
				ED8C923C1D1BB4E60072A1A8 /* dealModel.h */,
				ED8C923D1D1BB4E60072A1A8 /* dealModel.m */,
			);
			path = Model;
			sourceTree = "<group>";
		};
		EDE83F031CDB585500639B4C /* PlistData */ = {
			isa = PBXGroup;
			children = (
				EDE83F041CDB585500639B4C /* categories.plist */,
				EDE83F051CDB585500639B4C /* cities.plist */,
				EDE83F061CDB585500639B4C /* cityGroups.plist */,
				EDE83F071CDB585500639B4C /* sorts.plist */,
			);
			path = PlistData;
			sourceTree = "<group>";
		};
		EDE83F081CDB585500639B4C /* View */ = {
			isa = PBXGroup;
			children = (
				EDE83F091CDB585500639B4C /* NavBarItem.h */,
				EDE83F0A1CDB585500639B4C /* NavBarItem.m */,
				EDE83F0B1CDB585500639B4C /* NavBarItem.xib */,
				EDE83F0C1CDB585500639B4C /* popView.h */,
				EDE83F0D1CDB585500639B4C /* popView.m */,
				EDE83F0E1CDB585500639B4C /* popView.xib */,
				ED628AD11D211973001B404D /* MainCollectionViewCell.h */,
				ED628AD21D211973001B404D /* MainCollectionViewCell.m */,
				ED628AD31D211973001B404D /* MainCollectionViewCell.xib */,
			);
			path = View;
			sourceTree = "<group>";
		};
/* End PBXGroup section */

/* Begin PBXNativeTarget section */
		1016143F1CD08BD900BB47C6 /* 团购项目 */ = {
			isa = PBXNativeTarget;
			buildConfigurationList = 101614571CD08BD900BB47C6 /* Build configuration list for PBXNativeTarget "团购项目" */;
			buildPhases = (
				1016143C1CD08BD900BB47C6 /* Sources */,
				1016143D1CD08BD900BB47C6 /* Frameworks */,
				1016143E1CD08BD900BB47C6 /* Resources */,
			);
			buildRules = (
			);
			dependencies = (
			);
			name = "团购项目";
			productName = "团购项目";
			productReference = 101614401CD08BD900BB47C6 /* 团购项目.app */;
			productType = "com.apple.product-type.application";
		};
/* End PBXNativeTarget section */

/* Begin PBXProject section */
		101614381CD08BD900BB47C6 /* Project object */ = {
			isa = PBXProject;
			attributes = {
				LastUpgradeCheck = 0730;
				ORGANIZATIONNAME = rick;
				TargetAttributes = {
					1016143F1CD08BD900BB47C6 = {
						CreatedOnToolsVersion = 7.3;
						DevelopmentTeam = 3E35P5AK46;
					};
				};
			};
			buildConfigurationList = 1016143B1CD08BD900BB47C6 /* Build configuration list for PBXProject "团购项目" */;
			compatibilityVersion = "Xcode 3.2";
			developmentRegion = English;
			hasScannedForEncodings = 0;
			knownRegions = (
				en,
				Base,
			);
			mainGroup = 101614371CD08BD900BB47C6;
			productRefGroup = 101614411CD08BD900BB47C6 /* Products */;
			projectDirPath = "";
			projectRoot = "";
			targets = (
				1016143F1CD08BD900BB47C6 /* 团购项目 */,
			);
		};
/* End PBXProject section */

/* Begin PBXResourcesBuildPhase section */
		1016143E1CD08BD900BB47C6 /* Resources */ = {
			isa = PBXResourcesBuildPhase;
			buildActionMask = 2147483647;
			files = (
				EDE83F121CDB585500639B4C /* Main.storyboard in Resources */,
				ED628AD51D211973001B404D /* MainCollectionViewCell.xib in Resources */,
				EDE83F101CDB585500639B4C /* Assets.xcassets in Resources */,
				EDE83F271CDB585500639B4C /* popView.xib in Resources */,
				EDE83F231CDB585500639B4C /* sorts.plist in Resources */,
				EDE83F1C1CDB585500639B4C /* Info.plist in Resources */,
				EDE83F111CDB585500639B4C /* LaunchScreen.storyboard in Resources */,
				EDE83F141CDB585500639B4C /* ChangeCityViewController.xib in Resources */,
				EDE83F221CDB585500639B4C /* cityGroups.plist in Resources */,
				EDE83F1A1CDB585500639B4C /* SecondPopViewController.xib in Resources */,
				EDE83F251CDB585500639B4C /* NavBarItem.xib in Resources */,
				EDE83F201CDB585500639B4C /* categories.plist in Resources */,
				EDE83F211CDB585500639B4C /* cities.plist in Resources */,
			);
			runOnlyForDeploymentPostprocessing = 0;
		};
/* End PBXResourcesBuildPhase section */

/* Begin PBXSourcesBuildPhase section */
		1016143C1CD08BD900BB47C6 /* Sources */ = {
			isa = PBXSourcesBuildPhase;
			buildActionMask = 2147483647;
			files = (
				ED635FB21CEC52360037755E /* DPAPI.m in Sources */,
				EDE83F241CDB585500639B4C /* NavBarItem.m in Sources */,
				EDE83F151CDB585500639B4C /* FirstCollectionViewController.m in Sources */,
				ED635FB31CEC52360037755E /* DPRequest.m in Sources */,
				ED0A4F881CEAEC0400C466B3 /* Cities.m in Sources */,
				EDE83F261CDB585500639B4C /* popView.m in Sources */,
				EDE83F1F1CDB585500639B4C /* cityGourpsModel.m in Sources */,
				EDE83F1B1CDB585500639B4C /* UIView+AutoLayout.m in Sources */,
				EDE83F171CDB585500639B4C /* PopViewController.m in Sources */,
				EDE83F1E1CDB585500639B4C /* CatogriyModel.m in Sources */,
				EDE83F181CDB585500639B4C /* SearchCityResultViewController.m in Sources */,
				ED628AD41D211973001B404D /* MainCollectionViewCell.m in Sources */,
				EDE83F0F1CDB585500639B4C /* AppDelegate.m in Sources */,
				EDE83F131CDB585500639B4C /* ChangeCityViewController.m in Sources */,
				EDE83F161CDB585500639B4C /* MyNavController.m in Sources */,
				ED8C923E1D1BB4E60072A1A8 /* dealModel.m in Sources */,
				EDE83F1D1CDB585500639B4C /* main.m in Sources */,
				EDE83F191CDB585500639B4C /* SecondPopViewController.m in Sources */,
			);
			runOnlyForDeploymentPostprocessing = 0;
		};
/* End PBXSourcesBuildPhase section */

/* Begin PBXVariantGroup section */
		EDE83EE61CDB585400639B4C /* LaunchScreen.storyboard */ = {
			isa = PBXVariantGroup;
			children = (
				EDE83EE71CDB585400639B4C /* Base */,
			);
			name = LaunchScreen.storyboard;
			sourceTree = "<group>";
		};
		EDE83EE81CDB585500639B4C /* Main.storyboard */ = {
			isa = PBXVariantGroup;
			children = (
				EDE83EE91CDB585500639B4C /* Base */,
			);
			name = Main.storyboard;
			sourceTree = "<group>";
		};
/* End PBXVariantGroup section */

/* Begin XCBuildConfiguration section */
		101614551CD08BD900BB47C6 /* Debug */ = {
			isa = XCBuildConfiguration;
			buildSettings = {
				ALWAYS_SEARCH_USER_PATHS = NO;
				CLANG_ANALYZER_NONNULL = YES;
				CLANG_CXX_LANGUAGE_STANDARD = "gnu++0x";
				CLANG_CXX_LIBRARY = "libc++";
				CLANG_ENABLE_MODULES = YES;
				CLANG_ENABLE_OBJC_ARC = YES;
				CLANG_WARN_BOOL_CONVERSION = YES;
				CLANG_WARN_CONSTANT_CONVERSION = YES;
				CLANG_WARN_DIRECT_OBJC_ISA_USAGE = YES_ERROR;
				CLANG_WARN_EMPTY_BODY = YES;
				CLANG_WARN_ENUM_CONVERSION = YES;
				CLANG_WARN_INT_CONVERSION = YES;
				CLANG_WARN_OBJC_ROOT_CLASS = YES_ERROR;
				CLANG_WARN_UNREACHABLE_CODE = YES;
				CLANG_WARN__DUPLICATE_METHOD_MATCH = YES;
				"CODE_SIGN_IDENTITY[sdk=iphoneos*]" = "iPhone Developer";
				COPY_PHASE_STRIP = NO;
				DEBUG_INFORMATION_FORMAT = dwarf;
				ENABLE_STRICT_OBJC_MSGSEND = YES;
				ENABLE_TESTABILITY = YES;
				GCC_C_LANGUAGE_STANDARD = gnu99;
				GCC_DYNAMIC_NO_PIC = NO;
				GCC_NO_COMMON_BLOCKS = YES;
				GCC_OPTIMIZATION_LEVEL = 0;
				GCC_PREPROCESSOR_DEFINITIONS = (
					"DEBUG=1",
					"$(inherited)",
				);
				GCC_WARN_64_TO_32_BIT_CONVERSION = YES;
				GCC_WARN_ABOUT_RETURN_TYPE = YES_ERROR;
				GCC_WARN_UNDECLARED_SELECTOR = YES;
				GCC_WARN_UNINITIALIZED_AUTOS = YES_AGGRESSIVE;
				GCC_WARN_UNUSED_FUNCTION = YES;
				GCC_WARN_UNUSED_VARIABLE = YES;
				IPHONEOS_DEPLOYMENT_TARGET = 9.3;
				MTL_ENABLE_DEBUG_INFO = YES;
				ONLY_ACTIVE_ARCH = YES;
				SDKROOT = iphoneos;
				TARGETED_DEVICE_FAMILY = 2;
			};
			name = Debug;
		};
		101614561CD08BD900BB47C6 /* Release */ = {
			isa = XCBuildConfiguration;
			buildSettings = {
				ALWAYS_SEARCH_USER_PATHS = NO;
				CLANG_ANALYZER_NONNULL = YES;
				CLANG_CXX_LANGUAGE_STANDARD = "gnu++0x";
				CLANG_CXX_LIBRARY = "libc++";
				CLANG_ENABLE_MODULES = YES;
				CLANG_ENABLE_OBJC_ARC = YES;
				CLANG_WARN_BOOL_CONVERSION = YES;
				CLANG_WARN_CONSTANT_CONVERSION = YES;
				CLANG_WARN_DIRECT_OBJC_ISA_USAGE = YES_ERROR;
				CLANG_WARN_EMPTY_BODY = YES;
				CLANG_WARN_ENUM_CONVERSION = YES;
				CLANG_WARN_INT_CONVERSION = YES;
				CLANG_WARN_OBJC_ROOT_CLASS = YES_ERROR;
				CLANG_WARN_UNREACHABLE_CODE = YES;
				CLANG_WARN__DUPLICATE_METHOD_MATCH = YES;
				"CODE_SIGN_IDENTITY[sdk=iphoneos*]" = "iPhone Developer";
				COPY_PHASE_STRIP = NO;
				DEBUG_INFORMATION_FORMAT = "dwarf-with-dsym";
				ENABLE_NS_ASSERTIONS = NO;
				ENABLE_STRICT_OBJC_MSGSEND = YES;
				GCC_C_LANGUAGE_STANDARD = gnu99;
				GCC_NO_COMMON_BLOCKS = YES;
				GCC_WARN_64_TO_32_BIT_CONVERSION = YES;
				GCC_WARN_ABOUT_RETURN_TYPE = YES_ERROR;
				GCC_WARN_UNDECLARED_SELECTOR = YES;
				GCC_WARN_UNINITIALIZED_AUTOS = YES_AGGRESSIVE;
				GCC_WARN_UNUSED_FUNCTION = YES;
				GCC_WARN_UNUSED_VARIABLE = YES;
				IPHONEOS_DEPLOYMENT_TARGET = 9.3;
				MTL_ENABLE_DEBUG_INFO = NO;
				SDKROOT = iphoneos;
				TARGETED_DEVICE_FAMILY = 2;
				VALIDATE_PRODUCT = YES;
			};
			name = Release;
		};
		101614581CD08BD900BB47C6 /* Debug */ = {
			isa = XCBuildConfiguration;
			buildSettings = {
				ASSETCATALOG_COMPILER_APPICON_NAME = AppIcon;
				ASSETCATALOG_COMPILER_LAUNCHIMAGE_NAME = LaunchImage;
				INFOPLIST_FILE = "团购项目/Info.plist";
				IPHONEOS_DEPLOYMENT_TARGET = 8.0;
				LD_RUNPATH_SEARCH_PATHS = "$(inherited) @executable_path/Frameworks";
				PRODUCT_BUNDLE_IDENTIFIER = "com.rick.----";
				PRODUCT_NAME = "$(TARGET_NAME)";
				TARGETED_DEVICE_FAMILY = 2;
			};
			name = Debug;
		};
		101614591CD08BD900BB47C6 /* Release */ = {
			isa = XCBuildConfiguration;
			buildSettings = {
				ASSETCATALOG_COMPILER_APPICON_NAME = AppIcon;
				ASSETCATALOG_COMPILER_LAUNCHIMAGE_NAME = LaunchImage;
				INFOPLIST_FILE = "团购项目/Info.plist";
				IPHONEOS_DEPLOYMENT_TARGET = 8.0;
				LD_RUNPATH_SEARCH_PATHS = "$(inherited) @executable_path/Frameworks";
				PRODUCT_BUNDLE_IDENTIFIER = "com.rick.----";
				PRODUCT_NAME = "$(TARGET_NAME)";
				TARGETED_DEVICE_FAMILY = 2;
			};
			name = Release;
		};
/* End XCBuildConfiguration section */

/* Begin XCConfigurationList section */
		1016143B1CD08BD900BB47C6 /* Build configuration list for PBXProject "团购项目" */ = {
			isa = XCConfigurationList;
			buildConfigurations = (
				101614551CD08BD900BB47C6 /* Debug */,
				101614561CD08BD900BB47C6 /* Release */,
			);
			defaultConfigurationIsVisible = 0;
			defaultConfigurationName = Release;
		};
		101614571CD08BD900BB47C6 /* Build configuration list for PBXNativeTarget "团购项目" */ = {
			isa = XCConfigurationList;
			buildConfigurations = (
				101614581CD08BD900BB47C6 /* Debug */,
				101614591CD08BD900BB47C6 /* Release */,
			);
			defaultConfigurationIsVisible = 0;
			defaultConfigurationName = Release;
		};
/* End XCConfigurationList section */
	};
	rootObject = 101614381CD08BD900BB47C6 /* Project object */;
}
