// !$*UTF8*$!
{
	archiveVersion = 1;
	classes = {
	};
	objectVersion = 46;
	objects = {

/* Begin PBXBuildFile section */
		101614451CD08BD900BB47C6 /* main.m in Sources */ = {isa = PBXBuildFile; fileRef = 101614441CD08BD900BB47C6 /* main.m */; };
		101614481CD08BD900BB47C6 /* AppDelegate.m in Sources */ = {isa = PBXBuildFile; fileRef = 101614471CD08BD900BB47C6 /* AppDelegate.m */; };
		1016144B1CD08BD900BB47C6 /* ViewController.m in Sources */ = {isa = PBXBuildFile; fileRef = 1016144A1CD08BD900BB47C6 /* ViewController.m */; };
		1016144E1CD08BD900BB47C6 /* Main.storyboard in Resources */ = {isa = PBXBuildFile; fileRef = 1016144C1CD08BD900BB47C6 /* Main.storyboard */; };
		101614501CD08BD900BB47C6 /* Assets.xcassets in Resources */ = {isa = PBXBuildFile; fileRef = 1016144F1CD08BD900BB47C6 /* Assets.xcassets */; };
		101614531CD08BD900BB47C6 /* LaunchScreen.storyboard in Resources */ = {isa = PBXBuildFile; fileRef = 101614511CD08BD900BB47C6 /* LaunchScreen.storyboard */; };
/* End PBXBuildFile section */

/* Begin PBXFileReference section */
		101614401CD08BD900BB47C6 /* 团购项目.app */ = {isa = PBXFileReference; explicitFileType = wrapper.application; includeInIndex = 0; path = "团购项目.app"; sourceTree = BUILT_PRODUCTS_DIR; };
		101614441CD08BD900BB47C6 /* main.m */ = {isa = PBXFileReference; lastKnownFileType = sourcecode.c.objc; path = main.m; sourceTree = "<group>"; };
		101614461CD08BD900BB47C6 /* AppDelegate.h */ = {isa = PBXFileReference; lastKnownFileType = sourcecode.c.h; path = AppDelegate.h; sourceTree = "<group>"; };
		101614471CD08BD900BB47C6 /* AppDelegate.m */ = {isa = PBXFileReference; lastKnownFileType = sourcecode.c.objc; path = AppDelegate.m; sourceTree = "<group>"; };
		101614491CD08BD900BB47C6 /* ViewController.h */ = {isa = PBXFileReference; lastKnownFileType = sourcecode.c.h; path = ViewController.h; sourceTree = "<group>"; };
		1016144A1CD08BD900BB47C6 /* ViewController.m */ = {isa = PBXFileReference; lastKnownFileType = sourcecode.c.objc; path = ViewController.m; sourceTree = "<group>"; };
		1016144D1CD08BD900BB47C6 /* Base */ = {isa = PBXFileReference; lastKnownFileType = file.storyboard; name = Base; path = Base.lproj/Main.storyboard; sourceTree = "<group>"; };
		1016144F1CD08BD900BB47C6 /* Assets.xcassets */ = {isa = PBXFileReference; lastKnownFileType = folder.assetcatalog; path = Assets.xcassets; sourceTree = "<group>"; };
		101614521CD08BD900BB47C6 /* Base */ = {isa = PBXFileReference; lastKnownFileType = file.storyboard; name = Base; path = Base.lproj/LaunchScreen.storyboard; sourceTree = "<group>"; };
		101614541CD08BD900BB47C6 /* Info.plist */ = {isa = PBXFileReference; lastKnownFileType = text.plist.xml; path = Info.plist; sourceTree = "<group>"; };
/* End PBXFileReference section */

/* Begin PBXFrameworksBuildPhase section */
		1016143D1CD08BD900BB47C6 /* Frameworks */ = {
			isa = PBXFrameworksBuildPhase;
			buildActionMask = 2147483647;
			files = (
			);
			runOnlyForDeploymentPostprocessing = 0;
		};
/* End PBXFrameworksBuildPhase section */

/* Begin PBXGroup section */
		101614371CD08BD900BB47C6 = {
			isa = PBXGroup;
			children = (
				101614421CD08BD900BB47C6 /* 团购项目 */,
				101614411CD08BD900BB47C6 /* Products */,
			);
			sourceTree = "<group>";
		};
		101614411CD08BD900BB47C6 /* Products */ = {
			isa = PBXGroup;
			children = (
				101614401CD08BD900BB47C6 /* 团购项目.app */,
			);
			name = Products;
			sourceTree = "<group>";
		};
		101614421CD08BD900BB47C6 /* 团购项目 */ = {
			isa = PBXGroup;
			children = (
				101614461CD08BD900BB47C6 /* AppDelegate.h */,
				101614471CD08BD900BB47C6 /* AppDelegate.m */,
				101614491CD08BD900BB47C6 /* ViewController.h */,
				1016144A1CD08BD900BB47C6 /* ViewController.m */,
				1016144C1CD08BD900BB47C6 /* Main.storyboard */,
				1016144F1CD08BD900BB47C6 /* Assets.xcassets */,
				101614511CD08BD900BB47C6 /* LaunchScreen.storyboard */,
				101614541CD08BD900BB47C6 /* Info.plist */,
				101614431CD08BD900BB47C6 /* Supporting Files */,
			);
			path = "团购项目";
			sourceTree = "<group>";
		};
		101614431CD08BD900BB47C6 /* Supporting Files */ = {
			isa = PBXGroup;
			children = (
				101614441CD08BD900BB47C6 /* main.m */,
			);
			name = "Supporting Files";
			sourceTree = "<group>";
		};
/* End PBXGroup section */

/* Begin PBXNativeTarget section */
		1016143F1CD08BD900BB47C6 /* 团购项目 */ = {
			isa = PBXNativeTarget;
			buildConfigurationList = 101614571CD08BD900BB47C6 /* Build configuration list for PBXNativeTarget "团购项目" */;
			buildPhases = (
				1016143C1CD08BD900BB47C6 /* Sources */,
				1016143D1CD08BD900BB47C6 /* Frameworks */,
				1016143E1CD08BD900BB47C6 /* Resources */,
			);
			buildRules = (
			);
			dependencies = (
			);
			name = "团购项目";
			productName = "团购项目";
			productReference = 101614401CD08BD900BB47C6 /* 团购项目.app */;
			productType = "com.apple.product-type.application";
		};
/* End PBXNativeTarget section */

/* Begin PBXProject section */
		101614381CD08BD900BB47C6 /* Project object */ = {
			isa = PBXProject;
			attributes = {
				LastUpgradeCheck = 0730;
				ORGANIZATIONNAME = rick;
				TargetAttributes = {
					1016143F1CD08BD900BB47C6 = {
						CreatedOnToolsVersion = 7.3;
						DevelopmentTeam = 3E35P5AK46;
					};
				};
			};
			buildConfigurationList = 1016143B1CD08BD900BB47C6 /* Build configuration list for PBXProject "团购项目" */;
			compatibilityVersion = "Xcode 3.2";
			developmentRegion = English;
			hasScannedForEncodings = 0;
			knownRegions = (
				en,
				Base,
			);
			mainGroup = 101614371CD08BD900BB47C6;
			productRefGroup = 101614411CD08BD900BB47C6 /* Products */;
			projectDirPath = "";
			projectRoot = "";
			targets = (
				1016143F1CD08BD900BB47C6 /* 团购项目 */,
			);
		};
/* End PBXProject section */

/* Begin PBXResourcesBuildPhase section */
		1016143E1CD08BD900BB47C6 /* Resources */ = {
			isa = PBXResourcesBuildPhase;
			buildActionMask = 2147483647;
			files = (
				101614531CD08BD900BB47C6 /* LaunchScreen.storyboard in Resources */,
				101614501CD08BD900BB47C6 /* Assets.xcassets in Resources */,
				1016144E1CD08BD900BB47C6 /* Main.storyboard in Resources */,
			);
			runOnlyForDeploymentPostprocessing = 0;
		};
/* End PBXResourcesBuildPhase section */

/* Begin PBXSourcesBuildPhase section */
		1016143C1CD08BD900BB47C6 /* Sources */ = {
			isa = PBXSourcesBuildPhase;
			buildActionMask = 2147483647;
			files = (
				1016144B1CD08BD900BB47C6 /* ViewController.m in Sources */,
				101614481CD08BD900BB47C6 /* AppDelegate.m in Sources */,
				101614451CD08BD900BB47C6 /* main.m in Sources */,
			);
			runOnlyForDeploymentPostprocessing = 0;
		};
/* End PBXSourcesBuildPhase section */

/* Begin PBXVariantGroup section */
		1016144C1CD08BD900BB47C6 /* Main.storyboard */ = {
			isa = PBXVariantGroup;
			children = (
				1016144D1CD08BD900BB47C6 /* Base */,
			);
			name = Main.storyboard;
			sourceTree = "<group>";
		};
		101614511CD08BD900BB47C6 /* LaunchScreen.storyboard */ = {
			isa = PBXVariantGroup;
			children = (
				101614521CD08BD900BB47C6 /* Base */,
			);
			name = LaunchScreen.storyboard;
			sourceTree = "<group>";
		};
/* End PBXVariantGroup section */

/* Begin XCBuildConfiguration section */
		101614551CD08BD900BB47C6 /* Debug */ = {
			isa = XCBuildConfiguration;
			buildSettings = {
				ALWAYS_SEARCH_USER_PATHS = NO;
				CLANG_ANALYZER_NONNULL = YES;
				CLANG_CXX_LANGUAGE_STANDARD = "gnu++0x";
				CLANG_CXX_LIBRARY = "libc++";
				CLANG_ENABLE_MODULES = YES;
				CLANG_ENABLE_OBJC_ARC = YES;
				CLANG_WARN_BOOL_CONVERSION = YES;
				CLANG_WARN_CONSTANT_CONVERSION = YES;
				CLANG_WARN_DIRECT_OBJC_ISA_USAGE = YES_ERROR;
				CLANG_WARN_EMPTY_BODY = YES;
				CLANG_WARN_ENUM_CONVERSION = YES;
				CLANG_WARN_INT_CONVERSION = YES;
				CLANG_WARN_OBJC_ROOT_CLASS = YES_ERROR;
				CLANG_WARN_UNREACHABLE_CODE = YES;
				CLANG_WARN__DUPLICATE_METHOD_MATCH = YES;
				"CODE_SIGN_IDENTITY[sdk=iphoneos*]" = "iPhone Developer";
				COPY_PHASE_STRIP = NO;
				DEBUG_INFORMATION_FORMAT = dwarf;
				ENABLE_STRICT_OBJC_MSGSEND = YES;
				ENABLE_TESTABILITY = YES;
				GCC_C_LANGUAGE_STANDARD = gnu99;
				GCC_DYNAMIC_NO_PIC = NO;
				GCC_NO_COMMON_BLOCKS = YES;
				GCC_OPTIMIZATION_LEVEL = 0;
				GCC_PREPROCESSOR_DEFINITIONS = (
					"DEBUG=1",
					"$(inherited)",
				);
				GCC_WARN_64_TO_32_BIT_CONVERSION = YES;
				GCC_WARN_ABOUT_RETURN_TYPE = YES_ERROR;
				GCC_WARN_UNDECLARED_SELECTOR = YES;
				GCC_WARN_UNINITIALIZED_AUTOS = YES_AGGRESSIVE;
				GCC_WARN_UNUSED_FUNCTION = YES;
				GCC_WARN_UNUSED_VARIABLE = YES;
				IPHONEOS_DEPLOYMENT_TARGET = 9.3;
				MTL_ENABLE_DEBUG_INFO = YES;
				ONLY_ACTIVE_ARCH = YES;
				SDKROOT = iphoneos;
				TARGETED_DEVICE_FAMILY = 2;
			};
			name = Debug;
		};
		101614561CD08BD900BB47C6 /* Release */ = {
			isa = XCBuildConfiguration;
			buildSettings = {
				ALWAYS_SEARCH_USER_PATHS = NO;
				CLANG_ANALYZER_NONNULL = YES;
				CLANG_CXX_LANGUAGE_STANDARD = "gnu++0x";
				CLANG_CXX_LIBRARY = "libc++";
				CLANG_ENABLE_MODULES = YES;
				CLANG_ENABLE_OBJC_ARC = YES;
				CLANG_WARN_BOOL_CONVERSION = YES;
				CLANG_WARN_CONSTANT_CONVERSION = YES;
				CLANG_WARN_DIRECT_OBJC_ISA_USAGE = YES_ERROR;
				CLANG_WARN_EMPTY_BODY = YES;
				CLANG_WARN_ENUM_CONVERSION = YES;
				CLANG_WARN_INT_CONVERSION = YES;
				CLANG_WARN_OBJC_ROOT_CLASS = YES_ERROR;
				CLANG_WARN_UNREACHABLE_CODE = YES;
				CLANG_WARN__DUPLICATE_METHOD_MATCH = YES;
				"CODE_SIGN_IDENTITY[sdk=iphoneos*]" = "iPhone Developer";
				COPY_PHASE_STRIP = NO;
				DEBUG_INFORMATION_FORMAT = "dwarf-with-dsym";
				ENABLE_NS_ASSERTIONS = NO;
				ENABLE_STRICT_OBJC_MSGSEND = YES;
				GCC_C_LANGUAGE_STANDARD = gnu99;
				GCC_NO_COMMON_BLOCKS = YES;
				GCC_WARN_64_TO_32_BIT_CONVERSION = YES;
				GCC_WARN_ABOUT_RETURN_TYPE = YES_ERROR;
				GCC_WARN_UNDECLARED_SELECTOR = YES;
				GCC_WARN_UNINITIALIZED_AUTOS = YES_AGGRESSIVE;
				GCC_WARN_UNUSED_FUNCTION = YES;
				GCC_WARN_UNUSED_VARIABLE = YES;
				IPHONEOS_DEPLOYMENT_TARGET = 9.3;
				MTL_ENABLE_DEBUG_INFO = NO;
				SDKROOT = iphoneos;
				TARGETED_DEVICE_FAMILY = 2;
				VALIDATE_PRODUCT = YES;
			};
			name = Release;
		};
		101614581CD08BD900BB47C6 /* Debug */ = {
			isa = XCBuildConfiguration;
			buildSettings = {
				ASSETCATALOG_COMPILER_APPICON_NAME = AppIcon;
				INFOPLIST_FILE = "团购项目/Info.plist";
				LD_RUNPATH_SEARCH_PATHS = "$(inherited) @executable_path/Frameworks";
				PRODUCT_BUNDLE_IDENTIFIER = "com.rick.----";
				PRODUCT_NAME = "$(TARGET_NAME)";
			};
			name = Debug;
		};
		101614591CD08BD900BB47C6 /* Release */ = {
			isa = XCBuildConfiguration;
			buildSettings = {
				ASSETCATALOG_COMPILER_APPICON_NAME = AppIcon;
				INFOPLIST_FILE = "团购项目/Info.plist";
				LD_RUNPATH_SEARCH_PATHS = "$(inherited) @executable_path/Frameworks";
				PRODUCT_BUNDLE_IDENTIFIER = "com.rick.----";
				PRODUCT_NAME = "$(TARGET_NAME)";
			};
			name = Release;
		};
/* End XCBuildConfiguration section */

/* Begin XCConfigurationList section */
		1016143B1CD08BD900BB47C6 /* Build configuration list for PBXProject "团购项目" */ = {
			isa = XCConfigurationList;
			buildConfigurations = (
				101614551CD08BD900BB47C6 /* Debug */,
				101614561CD08BD900BB47C6 /* Release */,
			);
			defaultConfigurationIsVisible = 0;
			defaultConfigurationName = Release;
		};
		101614571CD08BD900BB47C6 /* Build configuration list for PBXNativeTarget "团购项目" */ = {
			isa = XCConfigurationList;
			buildConfigurations = (
				101614581CD08BD900BB47C6 /* Debug */,
				101614591CD08BD900BB47C6 /* Release */,
			);
			defaultConfigurationIsVisible = 0;
		};
/* End XCConfigurationList section */
	};
	rootObject = 101614381CD08BD900BB47C6 /* Project object */;
}
